// !$*UTF8*$!
{
	archiveVersion = 1;
	classes = {
	};
	objectVersion = 50;
	objects = {

/* Begin PBXBuildFile section */
		4C3108C623D5D39100898BCF /* AppDelegate.swift in Sources */ = {isa = PBXBuildFile; fileRef = 4C3108C523D5D39100898BCF /* AppDelegate.swift */; };
		4C3108C823D5D39100898BCF /* SceneDelegate.swift in Sources */ = {isa = PBXBuildFile; fileRef = 4C3108C723D5D39100898BCF /* SceneDelegate.swift */; };
		4C3108CA23D5D39100898BCF /* ViewController.swift in Sources */ = {isa = PBXBuildFile; fileRef = 4C3108C923D5D39100898BCF /* ViewController.swift */; };
		4C3108CD23D5D39100898BCF /* Main.storyboard in Resources */ = {isa = PBXBuildFile; fileRef = 4C3108CB23D5D39100898BCF /* Main.storyboard */; };
		4C3108CF23D5D39200898BCF /* Assets.xcassets in Resources */ = {isa = PBXBuildFile; fileRef = 4C3108CE23D5D39200898BCF /* Assets.xcassets */; };
		4C3108D223D5D39200898BCF /* LaunchScreen.storyboard in Resources */ = {isa = PBXBuildFile; fileRef = 4C3108D023D5D39200898BCF /* LaunchScreen.storyboard */; };
		4C3108DD23D5D39200898BCF /* DistilledTVTests.swift in Sources */ = {isa = PBXBuildFile; fileRef = 4C3108DC23D5D39200898BCF /* DistilledTVTests.swift */; };
		4C3108E923D5DC1F00898BCF /* APIRouter.swift in Sources */ = {isa = PBXBuildFile; fileRef = 4C3108E823D5DC1F00898BCF /* APIRouter.swift */; };
		4C3108EB23D5DC9D00898BCF /* Utility.swift in Sources */ = {isa = PBXBuildFile; fileRef = 4C3108EA23D5DC9D00898BCF /* Utility.swift */; };
		4C3108F023D5E9E800898BCF /* TvShowsInteractor.swift in Sources */ = {isa = PBXBuildFile; fileRef = 4C3108EF23D5E9E800898BCF /* TvShowsInteractor.swift */; };
/* End PBXBuildFile section */

/* Begin PBXContainerItemProxy section */
		4C3108D923D5D39200898BCF /* PBXContainerItemProxy */ = {
			isa = PBXContainerItemProxy;
			containerPortal = 4C3108BA23D5D39100898BCF /* Project object */;
			proxyType = 1;
			remoteGlobalIDString = 4C3108C123D5D39100898BCF;
			remoteInfo = DistilledTV;
		};
/* End PBXContainerItemProxy section */

/* Begin PBXFileReference section */
		4C3108C223D5D39100898BCF /* DistilledTV.app */ = {isa = PBXFileReference; explicitFileType = wrapper.application; includeInIndex = 0; path = DistilledTV.app; sourceTree = BUILT_PRODUCTS_DIR; };
		4C3108C523D5D39100898BCF /* AppDelegate.swift */ = {isa = PBXFileReference; lastKnownFileType = sourcecode.swift; path = AppDelegate.swift; sourceTree = "<group>"; };
		4C3108C723D5D39100898BCF /* SceneDelegate.swift */ = {isa = PBXFileReference; lastKnownFileType = sourcecode.swift; path = SceneDelegate.swift; sourceTree = "<group>"; };
		4C3108C923D5D39100898BCF /* ViewController.swift */ = {isa = PBXFileReference; lastKnownFileType = sourcecode.swift; path = ViewController.swift; sourceTree = "<group>"; };
		4C3108CC23D5D39100898BCF /* Base */ = {isa = PBXFileReference; lastKnownFileType = file.storyboard; name = Base; path = Base.lproj/Main.storyboard; sourceTree = "<group>"; };
		4C3108CE23D5D39200898BCF /* Assets.xcassets */ = {isa = PBXFileReference; lastKnownFileType = folder.assetcatalog; path = Assets.xcassets; sourceTree = "<group>"; };
		4C3108D123D5D39200898BCF /* Base */ = {isa = PBXFileReference; lastKnownFileType = file.storyboard; name = Base; path = Base.lproj/LaunchScreen.storyboard; sourceTree = "<group>"; };
		4C3108D323D5D39200898BCF /* Info.plist */ = {isa = PBXFileReference; lastKnownFileType = text.plist.xml; path = Info.plist; sourceTree = "<group>"; };
		4C3108D823D5D39200898BCF /* DistilledTVTests.xctest */ = {isa = PBXFileReference; explicitFileType = wrapper.cfbundle; includeInIndex = 0; path = DistilledTVTests.xctest; sourceTree = BUILT_PRODUCTS_DIR; };
		4C3108DC23D5D39200898BCF /* DistilledTVTests.swift */ = {isa = PBXFileReference; lastKnownFileType = sourcecode.swift; path = DistilledTVTests.swift; sourceTree = "<group>"; };
		4C3108DE23D5D39200898BCF /* Info.plist */ = {isa = PBXFileReference; lastKnownFileType = text.plist.xml; path = Info.plist; sourceTree = "<group>"; };
		4C3108E823D5DC1F00898BCF /* APIRouter.swift */ = {isa = PBXFileReference; lastKnownFileType = sourcecode.swift; path = APIRouter.swift; sourceTree = "<group>"; };
		4C3108EA23D5DC9D00898BCF /* Utility.swift */ = {isa = PBXFileReference; lastKnownFileType = sourcecode.swift; path = Utility.swift; sourceTree = "<group>"; };
		4C3108EF23D5E9E800898BCF /* TvShowsInteractor.swift */ = {isa = PBXFileReference; lastKnownFileType = sourcecode.swift; path = TvShowsInteractor.swift; sourceTree = "<group>"; };
/* End PBXFileReference section */

/* Begin PBXFrameworksBuildPhase section */
		4C3108BF23D5D39100898BCF /* Frameworks */ = {
			isa = PBXFrameworksBuildPhase;
			buildActionMask = 2147483647;
			files = (
			);
			runOnlyForDeploymentPostprocessing = 0;
		};
		4C3108D523D5D39200898BCF /* Frameworks */ = {
			isa = PBXFrameworksBuildPhase;
			buildActionMask = 2147483647;
			files = (
			);
			runOnlyForDeploymentPostprocessing = 0;
		};
/* End PBXFrameworksBuildPhase section */

/* Begin PBXGroup section */
		4C3108B923D5D39100898BCF = {
			isa = PBXGroup;
			children = (
				4C3108C423D5D39100898BCF /* DistilledTV */,
				4C3108DB23D5D39200898BCF /* DistilledTVTests */,
				4C3108C323D5D39100898BCF /* Products */,
			);
			sourceTree = "<group>";
		};
		4C3108C323D5D39100898BCF /* Products */ = {
			isa = PBXGroup;
			children = (
				4C3108C223D5D39100898BCF /* DistilledTV.app */,
				4C3108D823D5D39200898BCF /* DistilledTVTests.xctest */,
			);
			name = Products;
			sourceTree = "<group>";
		};
		4C3108C423D5D39100898BCF /* DistilledTV */ = {
			isa = PBXGroup;
			children = (
				4C3108EE23D5E9CC00898BCF /* TvShowsScene */,
				4C3108C523D5D39100898BCF /* AppDelegate.swift */,
				4C3108C723D5D39100898BCF /* SceneDelegate.swift */,
				4C3108C923D5D39100898BCF /* ViewController.swift */,
				4C3108CB23D5D39100898BCF /* Main.storyboard */,
				4C3108CE23D5D39200898BCF /* Assets.xcassets */,
				4C3108D023D5D39200898BCF /* LaunchScreen.storyboard */,
				4C3108D323D5D39200898BCF /* Info.plist */,
				4C3108E723D5DBFB00898BCF /* Service */,
			);
			path = DistilledTV;
			sourceTree = "<group>";
		};
		4C3108DB23D5D39200898BCF /* DistilledTVTests */ = {
			isa = PBXGroup;
			children = (
				4C3108DC23D5D39200898BCF /* DistilledTVTests.swift */,
				4C3108DE23D5D39200898BCF /* Info.plist */,
			);
			path = DistilledTVTests;
			sourceTree = "<group>";
		};
		4C3108E723D5DBFB00898BCF /* Service */ = {
			isa = PBXGroup;
			children = (
				4C3108E823D5DC1F00898BCF /* APIRouter.swift */,
				4C3108EA23D5DC9D00898BCF /* Utility.swift */,
			);
			path = Service;
			sourceTree = "<group>";
		};
		4C3108EE23D5E9CC00898BCF /* TvShowsScene */ = {
			isa = PBXGroup;
			children = (
				4C3108EF23D5E9E800898BCF /* TvShowsInteractor.swift */,
			);
			path = TvShowsScene;
			sourceTree = "<group>";
		};
/* End PBXGroup section */

/* Begin PBXNativeTarget section */
		4C3108C123D5D39100898BCF /* DistilledTV */ = {
			isa = PBXNativeTarget;
			buildConfigurationList = 4C3108E123D5D39200898BCF /* Build configuration list for PBXNativeTarget "DistilledTV" */;
			buildPhases = (
				4C3108BE23D5D39100898BCF /* Sources */,
				4C3108BF23D5D39100898BCF /* Frameworks */,
				4C3108C023D5D39100898BCF /* Resources */,
			);
			buildRules = (
			);
			dependencies = (
			);
			name = DistilledTV;
			productName = DistilledTV;
			productReference = 4C3108C223D5D39100898BCF /* DistilledTV.app */;
			productType = "com.apple.product-type.application";
		};
		4C3108D723D5D39200898BCF /* DistilledTVTests */ = {
			isa = PBXNativeTarget;
			buildConfigurationList = 4C3108E423D5D39200898BCF /* Build configuration list for PBXNativeTarget "DistilledTVTests" */;
			buildPhases = (
				4C3108D423D5D39200898BCF /* Sources */,
				4C3108D523D5D39200898BCF /* Frameworks */,
				4C3108D623D5D39200898BCF /* Resources */,
			);
			buildRules = (
			);
			dependencies = (
				4C3108DA23D5D39200898BCF /* PBXTargetDependency */,
			);
			name = DistilledTVTests;
			productName = DistilledTVTests;
			productReference = 4C3108D823D5D39200898BCF /* DistilledTVTests.xctest */;
			productType = "com.apple.product-type.bundle.unit-test";
		};
/* End PBXNativeTarget section */

/* Begin PBXProject section */
		4C3108BA23D5D39100898BCF /* Project object */ = {
			isa = PBXProject;
			attributes = {
				LastSwiftUpdateCheck = 1110;
				LastUpgradeCheck = 1110;
				ORGANIZATIONNAME = "dl-ks";
				TargetAttributes = {
					4C3108C123D5D39100898BCF = {
						CreatedOnToolsVersion = 11.1;
					};
					4C3108D723D5D39200898BCF = {
						CreatedOnToolsVersion = 11.1;
						TestTargetID = 4C3108C123D5D39100898BCF;
					};
				};
			};
			buildConfigurationList = 4C3108BD23D5D39100898BCF /* Build configuration list for PBXProject "DistilledTV" */;
			compatibilityVersion = "Xcode 9.3";
			developmentRegion = en;
			hasScannedForEncodings = 0;
			knownRegions = (
				en,
				Base,
			);
			mainGroup = 4C3108B923D5D39100898BCF;
			productRefGroup = 4C3108C323D5D39100898BCF /* Products */;
			projectDirPath = "";
			projectRoot = "";
			targets = (
				4C3108C123D5D39100898BCF /* DistilledTV */,
				4C3108D723D5D39200898BCF /* DistilledTVTests */,
			);
		};
/* End PBXProject section */

/* Begin PBXResourcesBuildPhase section */
		4C3108C023D5D39100898BCF /* Resources */ = {
			isa = PBXResourcesBuildPhase;
			buildActionMask = 2147483647;
			files = (
				4C3108D223D5D39200898BCF /* LaunchScreen.storyboard in Resources */,
				4C3108CF23D5D39200898BCF /* Assets.xcassets in Resources */,
				4C3108CD23D5D39100898BCF /* Main.storyboard in Resources */,
			);
			runOnlyForDeploymentPostprocessing = 0;
		};
		4C3108D623D5D39200898BCF /* Resources */ = {
			isa = PBXResourcesBuildPhase;
			buildActionMask = 2147483647;
			files = (
			);
			runOnlyForDeploymentPostprocessing = 0;
		};
/* End PBXResourcesBuildPhase section */

/* Begin PBXSourcesBuildPhase section */
		4C3108BE23D5D39100898BCF /* Sources */ = {
			isa = PBXSourcesBuildPhase;
			buildActionMask = 2147483647;
			files = (
				4C3108EB23D5DC9D00898BCF /* Utility.swift in Sources */,
				4C3108CA23D5D39100898BCF /* ViewController.swift in Sources */,
				4C3108E923D5DC1F00898BCF /* APIRouter.swift in Sources */,
				4C3108F023D5E9E800898BCF /* TvShowsInteractor.swift in Sources */,
				4C3108C623D5D39100898BCF /* AppDelegate.swift in Sources */,
				4C3108C823D5D39100898BCF /* SceneDelegate.swift in Sources */,
			);
			runOnlyForDeploymentPostprocessing = 0;
		};
		4C3108D423D5D39200898BCF /* Sources */ = {
			isa = PBXSourcesBuildPhase;
			buildActionMask = 2147483647;
			files = (
				4C3108DD23D5D39200898BCF /* DistilledTVTests.swift in Sources */,
			);
			runOnlyForDeploymentPostprocessing = 0;
		};
/* End PBXSourcesBuildPhase section */

/* Begin PBXTargetDependency section */
		4C3108DA23D5D39200898BCF /* PBXTargetDependency */ = {
			isa = PBXTargetDependency;
			target = 4C3108C123D5D39100898BCF /* DistilledTV */;
			targetProxy = 4C3108D923D5D39200898BCF /* PBXContainerItemProxy */;
		};
/* End PBXTargetDependency section */

/* Begin PBXVariantGroup section */
		4C3108CB23D5D39100898BCF /* Main.storyboard */ = {
			isa = PBXVariantGroup;
			children = (
				4C3108CC23D5D39100898BCF /* Base */,
			);
			name = Main.storyboard;
			sourceTree = "<group>";
		};
		4C3108D023D5D39200898BCF /* LaunchScreen.storyboard */ = {
			isa = PBXVariantGroup;
			children = (
				4C3108D123D5D39200898BCF /* Base */,
			);
			name = LaunchScreen.storyboard;
			sourceTree = "<group>";
		};
/* End PBXVariantGroup section */

/* Begin XCBuildConfiguration section */
		4C3108DF23D5D39200898BCF /* Debug */ = {
			isa = XCBuildConfiguration;
			buildSettings = {
				ALWAYS_SEARCH_USER_PATHS = NO;
				CLANG_ANALYZER_NONNULL = YES;
				CLANG_ANALYZER_NUMBER_OBJECT_CONVERSION = YES_AGGRESSIVE;
				CLANG_CXX_LANGUAGE_STANDARD = "gnu++14";
				CLANG_CXX_LIBRARY = "libc++";
				CLANG_ENABLE_MODULES = YES;
				CLANG_ENABLE_OBJC_ARC = YES;
				CLANG_ENABLE_OBJC_WEAK = YES;
				CLANG_WARN_BLOCK_CAPTURE_AUTORELEASING = YES;
				CLANG_WARN_BOOL_CONVERSION = YES;
				CLANG_WARN_COMMA = YES;
				CLANG_WARN_CONSTANT_CONVERSION = YES;
				CLANG_WARN_DEPRECATED_OBJC_IMPLEMENTATIONS = YES;
				CLANG_WARN_DIRECT_OBJC_ISA_USAGE = YES_ERROR;
				CLANG_WARN_DOCUMENTATION_COMMENTS = YES;
				CLANG_WARN_EMPTY_BODY = YES;
				CLANG_WARN_ENUM_CONVERSION = YES;
				CLANG_WARN_INFINITE_RECURSION = YES;
				CLANG_WARN_INT_CONVERSION = YES;
				CLANG_WARN_NON_LITERAL_NULL_CONVERSION = YES;
				CLANG_WARN_OBJC_IMPLICIT_RETAIN_SELF = YES;
				CLANG_WARN_OBJC_LITERAL_CONVERSION = YES;
				CLANG_WARN_OBJC_ROOT_CLASS = YES_ERROR;
				CLANG_WARN_RANGE_LOOP_ANALYSIS = YES;
				CLANG_WARN_STRICT_PROTOTYPES = YES;
				CLANG_WARN_SUSPICIOUS_MOVE = YES;
				CLANG_WARN_UNGUARDED_AVAILABILITY = YES_AGGRESSIVE;
				CLANG_WARN_UNREACHABLE_CODE = YES;
				CLANG_WARN__DUPLICATE_METHOD_MATCH = YES;
				COPY_PHASE_STRIP = NO;
				DEBUG_INFORMATION_FORMAT = dwarf;
				ENABLE_STRICT_OBJC_MSGSEND = YES;
				ENABLE_TESTABILITY = YES;
				GCC_C_LANGUAGE_STANDARD = gnu11;
				GCC_DYNAMIC_NO_PIC = NO;
				GCC_NO_COMMON_BLOCKS = YES;
				GCC_OPTIMIZATION_LEVEL = 0;
				GCC_PREPROCESSOR_DEFINITIONS = (
					"DEBUG=1",
					"$(inherited)",
				);
				GCC_WARN_64_TO_32_BIT_CONVERSION = YES;
				GCC_WARN_ABOUT_RETURN_TYPE = YES_ERROR;
				GCC_WARN_UNDECLARED_SELECTOR = YES;
				GCC_WARN_UNINITIALIZED_AUTOS = YES_AGGRESSIVE;
				GCC_WARN_UNUSED_FUNCTION = YES;
				GCC_WARN_UNUSED_VARIABLE = YES;
				IPHONEOS_DEPLOYMENT_TARGET = 13.1;
				MTL_ENABLE_DEBUG_INFO = INCLUDE_SOURCE;
				MTL_FAST_MATH = YES;
				ONLY_ACTIVE_ARCH = YES;
				SDKROOT = iphoneos;
				SWIFT_ACTIVE_COMPILATION_CONDITIONS = DEBUG;
				SWIFT_OPTIMIZATION_LEVEL = "-Onone";
			};
			name = Debug;
		};
		4C3108E023D5D39200898BCF /* Release */ = {
			isa = XCBuildConfiguration;
			buildSettings = {
				ALWAYS_SEARCH_USER_PATHS = NO;
				CLANG_ANALYZER_NONNULL = YES;
				CLANG_ANALYZER_NUMBER_OBJECT_CONVERSION = YES_AGGRESSIVE;
				CLANG_CXX_LANGUAGE_STANDARD = "gnu++14";
				CLANG_CXX_LIBRARY = "libc++";
				CLANG_ENABLE_MODULES = YES;
				CLANG_ENABLE_OBJC_ARC = YES;
				CLANG_ENABLE_OBJC_WEAK = YES;
				CLANG_WARN_BLOCK_CAPTURE_AUTORELEASING = YES;
				CLANG_WARN_BOOL_CONVERSION = YES;
				CLANG_WARN_COMMA = YES;
				CLANG_WARN_CONSTANT_CONVERSION = YES;
				CLANG_WARN_DEPRECATED_OBJC_IMPLEMENTATIONS = YES;
				CLANG_WARN_DIRECT_OBJC_ISA_USAGE = YES_ERROR;
				CLANG_WARN_DOCUMENTATION_COMMENTS = YES;
				CLANG_WARN_EMPTY_BODY = YES;
				CLANG_WARN_ENUM_CONVERSION = YES;
				CLANG_WARN_INFINITE_RECURSION = YES;
				CLANG_WARN_INT_CONVERSION = YES;
				CLANG_WARN_NON_LITERAL_NULL_CONVERSION = YES;
				CLANG_WARN_OBJC_IMPLICIT_RETAIN_SELF = YES;
				CLANG_WARN_OBJC_LITERAL_CONVERSION = YES;
				CLANG_WARN_OBJC_ROOT_CLASS = YES_ERROR;
				CLANG_WARN_RANGE_LOOP_ANALYSIS = YES;
				CLANG_WARN_STRICT_PROTOTYPES = YES;
				CLANG_WARN_SUSPICIOUS_MOVE = YES;
				CLANG_WARN_UNGUARDED_AVAILABILITY = YES_AGGRESSIVE;
				CLANG_WARN_UNREACHABLE_CODE = YES;
				CLANG_WARN__DUPLICATE_METHOD_MATCH = YES;
				COPY_PHASE_STRIP = NO;
				DEBUG_INFORMATION_FORMAT = "dwarf-with-dsym";
				ENABLE_NS_ASSERTIONS = NO;
				ENABLE_STRICT_OBJC_MSGSEND = YES;
				GCC_C_LANGUAGE_STANDARD = gnu11;
				GCC_NO_COMMON_BLOCKS = YES;
				GCC_WARN_64_TO_32_BIT_CONVERSION = YES;
				GCC_WARN_ABOUT_RETURN_TYPE = YES_ERROR;
				GCC_WARN_UNDECLARED_SELECTOR = YES;
				GCC_WARN_UNINITIALIZED_AUTOS = YES_AGGRESSIVE;
				GCC_WARN_UNUSED_FUNCTION = YES;
				GCC_WARN_UNUSED_VARIABLE = YES;
				IPHONEOS_DEPLOYMENT_TARGET = 13.1;
				MTL_ENABLE_DEBUG_INFO = NO;
				MTL_FAST_MATH = YES;
				SDKROOT = iphoneos;
				SWIFT_COMPILATION_MODE = wholemodule;
				SWIFT_OPTIMIZATION_LEVEL = "-O";
				VALIDATE_PRODUCT = YES;
			};
			name = Release;
		};
		4C3108E223D5D39200898BCF /* Debug */ = {
			isa = XCBuildConfiguration;
			buildSettings = {
				ASSETCATALOG_COMPILER_APPICON_NAME = AppIcon;
				CODE_SIGN_STYLE = Automatic;
				DEVELOPMENT_TEAM = 7EU8XCH6V5;
				INFOPLIST_FILE = DistilledTV/Info.plist;
				LD_RUNPATH_SEARCH_PATHS = (
					"$(inherited)",
					"@executable_path/Frameworks",
				);
				PRODUCT_BUNDLE_IDENTIFIER = "dl-ks.DistilledTV";
				PRODUCT_NAME = "$(TARGET_NAME)";
				SWIFT_VERSION = 5.0;
				TARGETED_DEVICE_FAMILY = "1,2";
			};
			name = Debug;
		};
		4C3108E323D5D39200898BCF /* Release */ = {
			isa = XCBuildConfiguration;
			buildSettings = {
				ASSETCATALOG_COMPILER_APPICON_NAME = AppIcon;
				CODE_SIGN_STYLE = Automatic;
				DEVELOPMENT_TEAM = 7EU8XCH6V5;
				INFOPLIST_FILE = DistilledTV/Info.plist;
				LD_RUNPATH_SEARCH_PATHS = (
					"$(inherited)",
					"@executable_path/Frameworks",
				);
				PRODUCT_BUNDLE_IDENTIFIER = "dl-ks.DistilledTV";
				PRODUCT_NAME = "$(TARGET_NAME)";
				SWIFT_VERSION = 5.0;
				TARGETED_DEVICE_FAMILY = "1,2";
			};
			name = Release;
		};
		4C3108E523D5D39200898BCF /* Debug */ = {
			isa = XCBuildConfiguration;
			buildSettings = {
				ALWAYS_EMBED_SWIFT_STANDARD_LIBRARIES = YES;
				BUNDLE_LOADER = "$(TEST_HOST)";
				CODE_SIGN_STYLE = Automatic;
				DEVELOPMENT_TEAM = 7EU8XCH6V5;
				INFOPLIST_FILE = DistilledTVTests/Info.plist;
				IPHONEOS_DEPLOYMENT_TARGET = 13.1;
				LD_RUNPATH_SEARCH_PATHS = (
					"$(inherited)",
					"@executable_path/Frameworks",
					"@loader_path/Frameworks",
				);
				PRODUCT_BUNDLE_IDENTIFIER = "dl-ks.DistilledTVTests";
				PRODUCT_NAME = "$(TARGET_NAME)";
				SWIFT_VERSION = 5.0;
				TARGETED_DEVICE_FAMILY = "1,2";
				TEST_HOST = "$(BUILT_PRODUCTS_DIR)/DistilledTV.app/DistilledTV";
			};
			name = Debug;
		};
		4C3108E623D5D39200898BCF /* Release */ = {
			isa = XCBuildConfiguration;
			buildSettings = {
				ALWAYS_EMBED_SWIFT_STANDARD_LIBRARIES = YES;
				BUNDLE_LOADER = "$(TEST_HOST)";
				CODE_SIGN_STYLE = Automatic;
				DEVELOPMENT_TEAM = 7EU8XCH6V5;
				INFOPLIST_FILE = DistilledTVTests/Info.plist;
				IPHONEOS_DEPLOYMENT_TARGET = 13.1;
				LD_RUNPATH_SEARCH_PATHS = (
					"$(inherited)",
					"@executable_path/Frameworks",
					"@loader_path/Frameworks",
				);
				PRODUCT_BUNDLE_IDENTIFIER = "dl-ks.DistilledTVTests";
				PRODUCT_NAME = "$(TARGET_NAME)";
				SWIFT_VERSION = 5.0;
				TARGETED_DEVICE_FAMILY = "1,2";
				TEST_HOST = "$(BUILT_PRODUCTS_DIR)/DistilledTV.app/DistilledTV";
			};
			name = Release;
		};
/* End XCBuildConfiguration section */

/* Begin XCConfigurationList section */
		4C3108BD23D5D39100898BCF /* Build configuration list for PBXProject "DistilledTV" */ = {
			isa = XCConfigurationList;
			buildConfigurations = (
				4C3108DF23D5D39200898BCF /* Debug */,
				4C3108E023D5D39200898BCF /* Release */,
			);
			defaultConfigurationIsVisible = 0;
			defaultConfigurationName = Release;
		};
		4C3108E123D5D39200898BCF /* Build configuration list for PBXNativeTarget "DistilledTV" */ = {
			isa = XCConfigurationList;
			buildConfigurations = (
				4C3108E223D5D39200898BCF /* Debug */,
				4C3108E323D5D39200898BCF /* Release */,
			);
			defaultConfigurationIsVisible = 0;
			defaultConfigurationName = Release;
		};
		4C3108E423D5D39200898BCF /* Build configuration list for PBXNativeTarget "DistilledTVTests" */ = {
			isa = XCConfigurationList;
			buildConfigurations = (
				4C3108E523D5D39200898BCF /* Debug */,
				4C3108E623D5D39200898BCF /* Release */,
			);
			defaultConfigurationIsVisible = 0;
			defaultConfigurationName = Release;
		};
/* End XCConfigurationList section */
	};
	rootObject = 4C3108BA23D5D39100898BCF /* Project object */;
}
